
Microsoft Visual Studio Solution File, Format Version 12.00
# Visual Studio Version 17
VisualStudioVersion = 17.5.33530.505
MinimumVisualStudioVersion = 10.0.40219.1
Project("{FAE04EC0-301F-11D3-BF4B-00C04F79EFBC}") = "Demo5_Access-Modifier", "Demo5_Access-Modifier.csproj", "{F96204CB-BA00-4C2B-8879-E1517BDD48D3}"
EndProject
Global
	GlobalSection(SolutionConfigurationPlatforms) = preSolution
		Debug|Any CPU = Debug|Any CPU
		Release|Any CPU = Release|Any CPU
	EndGlobalSection
	GlobalSection(ProjectConfigurationPlatforms) = postSolution
		{F96204CB-BA00-4C2B-8879-E1517BDD48D3}.Debug|Any CPU.ActiveCfg = Debug|Any CPU
		{F96204CB-BA00-4C2B-8879-E1517BDD48D3}.Debug|Any CPU.Build.0 = Debug|Any CPU
		{F96204CB-BA00-4C2B-8879-E1517BDD48D3}.Release|Any CPU.ActiveCfg = Release|Any CPU
		{F96204CB-BA00-4C2B-8879-E1517BDD48D3}.Release|Any CPU.Build.0 = Release|Any CPU
	EndGlobalSection
	GlobalSection(SolutionProperties) = preSolution
		HideSolutionNode = FALSE
	EndGlobalSection
	GlobalSection(ExtensibilityGlobals) = postSolution
		SolutionGuid = {4ACD3CDC-A49A-4EC4-B005-7EDA22DA807C}
	EndGlobalSection
EndGlobal
