
Microsoft Visual Studio Solution File, Format Version 12.00
# Visual Studio Version 17
VisualStudioVersion = 17.5.33530.505
MinimumVisualStudioVersion = 10.0.40219.1
Project("{FAE04EC0-301F-11D3-BF4B-00C04F79EFBC}") = "Demo10_ArrayList", "Demo10_ArrayList.csproj", "{ADDC8435-3DA0-4EF8-A50A-EDA800ADE19C}"
EndProject
Global
	GlobalSection(SolutionConfigurationPlatforms) = preSolution
		Debug|Any CPU = Debug|Any CPU
		Release|Any CPU = Release|Any CPU
	EndGlobalSection
	GlobalSection(ProjectConfigurationPlatforms) = postSolution
		{ADDC8435-3DA0-4EF8-A50A-EDA800ADE19C}.Debug|Any CPU.ActiveCfg = Debug|Any CPU
		{ADDC8435-3DA0-4EF8-A50A-EDA800ADE19C}.Debug|Any CPU.Build.0 = Debug|Any CPU
		{ADDC8435-3DA0-4EF8-A50A-EDA800ADE19C}.Release|Any CPU.ActiveCfg = Release|Any CPU
		{ADDC8435-3DA0-4EF8-A50A-EDA800ADE19C}.Release|Any CPU.Build.0 = Release|Any CPU
	EndGlobalSection
	GlobalSection(SolutionProperties) = preSolution
		HideSolutionNode = FALSE
	EndGlobalSection
	GlobalSection(ExtensibilityGlobals) = postSolution
		SolutionGuid = {AE095688-4A30-41F3-951E-C42C7DBAF1C5}
	EndGlobalSection
EndGlobal
