
Microsoft Visual Studio Solution File, Format Version 12.00
# Visual Studio Version 17
VisualStudioVersion = 17.5.33530.505
MinimumVisualStudioVersion = 10.0.40219.1
Project("{FAE04EC0-301F-11D3-BF4B-00C04F79EFBC}") = "Demo11_HashSet", "Demo11_HashSet.csproj", "{7A93DA0B-AC4C-4CE7-AA00-7CC8E252AA78}"
EndProject
Global
	GlobalSection(SolutionConfigurationPlatforms) = preSolution
		Debug|Any CPU = Debug|Any CPU
		Release|Any CPU = Release|Any CPU
	EndGlobalSection
	GlobalSection(ProjectConfigurationPlatforms) = postSolution
		{7A93DA0B-AC4C-4CE7-AA00-7CC8E252AA78}.Debug|Any CPU.ActiveCfg = Debug|Any CPU
		{7A93DA0B-AC4C-4CE7-AA00-7CC8E252AA78}.Debug|Any CPU.Build.0 = Debug|Any CPU
		{7A93DA0B-AC4C-4CE7-AA00-7CC8E252AA78}.Release|Any CPU.ActiveCfg = Release|Any CPU
		{7A93DA0B-AC4C-4CE7-AA00-7CC8E252AA78}.Release|Any CPU.Build.0 = Release|Any CPU
	EndGlobalSection
	GlobalSection(SolutionProperties) = preSolution
		HideSolutionNode = FALSE
	EndGlobalSection
	GlobalSection(ExtensibilityGlobals) = postSolution
		SolutionGuid = {1D5A0AF1-4FA0-4351-80D7-BFC4F61DEC5D}
	EndGlobalSection
EndGlobal
